
Microsoft Visual Studio Solution File, Format Version 12.00
# Visual Studio Version 17
VisualStudioVersion = 17.6.33717.318
MinimumVisualStudioVersion = 10.0.40219.1
Project("{9A19103F-16F7-4668-BE54-9A1E7A4F7556}") = "SqlOrganize", "SqlOrganize\SqlOrganize.csproj", "{A0EC1DBD-4A5A-44B5-99EF-4B127DC8A0FE}"
EndProject
Project("{9A19103F-16F7-4668-BE54-9A1E7A4F7556}") = "SqlOrganizeMy", "SqlOrganizeMy\SqlOrganizeMy.csproj", "{1A700C8C-392E-41A5-BD75-5E4FC4D5DE59}"
EndProject
Project("{9A19103F-16F7-4668-BE54-9A1E7A4F7556}") = "ModelOrganize", "ModelOrganize\ModelOrganize.csproj", "{AB2C51B2-3A0B-4AED-B229-F8E45A5F2680}"
EndProject
Project("{9A19103F-16F7-4668-BE54-9A1E7A4F7556}") = "ModelOrganizeMy", "ModelOrganizeMy\ModelOrganizeMy.csproj", "{4DA98BD8-14E2-4DBE-827F-FE3B467746E6}"
EndProject
Project("{9A19103F-16F7-4668-BE54-9A1E7A4F7556}") = "Fines2Model", "Fines2Model\Fines2Model.csproj", "{B9124AFF-9E1E-4F95-92CB-1D3FF9165B27}"
EndProject
Project("{9A19103F-16F7-4668-BE54-9A1E7A4F7556}") = "Utils", "Utils\Utils.csproj", "{D24117D3-0080-4CDE-8E1D-4DB285DC7189}"
EndProject
Project("{9A19103F-16F7-4668-BE54-9A1E7A4F7556}") = "Fines2Wpf", "Fines2Wpf\Fines2Wpf.csproj", "{93DB5E13-1437-4C36-A6E1-9084C05ACEA8}"
EndProject
Project("{9A19103F-16F7-4668-BE54-9A1E7A4F7556}") = "PedidosMigracion", "PedidosMigracion\PedidosMigracion.csproj", "{F96FF7FA-5972-4170-B1C6-47BEC6ED6152}"
EndProject
Project("{9A19103F-16F7-4668-BE54-9A1E7A4F7556}") = "PedidosModel", "PedidosModel\PedidosModel.csproj", "{D3966F23-2B5D-4376-BD16-DB4836CB0380}"
EndProject
Project("{FAE04EC0-301F-11D3-BF4B-00C04F79EFBC}") = "ConsoleApp1", "ConsoleApp1\ConsoleApp1.csproj", "{7EFAD90A-4D1E-44D6-B3B7-87115014499E}"
EndProject
Global
	GlobalSection(SolutionConfigurationPlatforms) = preSolution
		Debug|Any CPU = Debug|Any CPU
		Release|Any CPU = Release|Any CPU
	EndGlobalSection
	GlobalSection(ProjectConfigurationPlatforms) = postSolution
		{A0EC1DBD-4A5A-44B5-99EF-4B127DC8A0FE}.Debug|Any CPU.ActiveCfg = Debug|Any CPU
		{A0EC1DBD-4A5A-44B5-99EF-4B127DC8A0FE}.Debug|Any CPU.Build.0 = Debug|Any CPU
		{A0EC1DBD-4A5A-44B5-99EF-4B127DC8A0FE}.Release|Any CPU.ActiveCfg = Release|Any CPU
		{A0EC1DBD-4A5A-44B5-99EF-4B127DC8A0FE}.Release|Any CPU.Build.0 = Release|Any CPU
		{1A700C8C-392E-41A5-BD75-5E4FC4D5DE59}.Debug|Any CPU.ActiveCfg = Debug|Any CPU
		{1A700C8C-392E-41A5-BD75-5E4FC4D5DE59}.Debug|Any CPU.Build.0 = Debug|Any CPU
		{1A700C8C-392E-41A5-BD75-5E4FC4D5DE59}.Release|Any CPU.ActiveCfg = Release|Any CPU
		{1A700C8C-392E-41A5-BD75-5E4FC4D5DE59}.Release|Any CPU.Build.0 = Release|Any CPU
		{AB2C51B2-3A0B-4AED-B229-F8E45A5F2680}.Debug|Any CPU.ActiveCfg = Debug|Any CPU
		{AB2C51B2-3A0B-4AED-B229-F8E45A5F2680}.Debug|Any CPU.Build.0 = Debug|Any CPU
		{AB2C51B2-3A0B-4AED-B229-F8E45A5F2680}.Release|Any CPU.ActiveCfg = Release|Any CPU
		{AB2C51B2-3A0B-4AED-B229-F8E45A5F2680}.Release|Any CPU.Build.0 = Release|Any CPU
		{4DA98BD8-14E2-4DBE-827F-FE3B467746E6}.Debug|Any CPU.ActiveCfg = Debug|Any CPU
		{4DA98BD8-14E2-4DBE-827F-FE3B467746E6}.Debug|Any CPU.Build.0 = Debug|Any CPU
		{4DA98BD8-14E2-4DBE-827F-FE3B467746E6}.Release|Any CPU.ActiveCfg = Release|Any CPU
		{4DA98BD8-14E2-4DBE-827F-FE3B467746E6}.Release|Any CPU.Build.0 = Release|Any CPU
		{B9124AFF-9E1E-4F95-92CB-1D3FF9165B27}.Debug|Any CPU.ActiveCfg = Debug|Any CPU
		{B9124AFF-9E1E-4F95-92CB-1D3FF9165B27}.Debug|Any CPU.Build.0 = Debug|Any CPU
		{B9124AFF-9E1E-4F95-92CB-1D3FF9165B27}.Release|Any CPU.ActiveCfg = Release|Any CPU
		{B9124AFF-9E1E-4F95-92CB-1D3FF9165B27}.Release|Any CPU.Build.0 = Release|Any CPU
		{D24117D3-0080-4CDE-8E1D-4DB285DC7189}.Debug|Any CPU.ActiveCfg = Debug|Any CPU
		{D24117D3-0080-4CDE-8E1D-4DB285DC7189}.Debug|Any CPU.Build.0 = Debug|Any CPU
		{D24117D3-0080-4CDE-8E1D-4DB285DC7189}.Release|Any CPU.ActiveCfg = Release|Any CPU
		{D24117D3-0080-4CDE-8E1D-4DB285DC7189}.Release|Any CPU.Build.0 = Release|Any CPU
		{93DB5E13-1437-4C36-A6E1-9084C05ACEA8}.Debug|Any CPU.ActiveCfg = Debug|Any CPU
		{93DB5E13-1437-4C36-A6E1-9084C05ACEA8}.Debug|Any CPU.Build.0 = Debug|Any CPU
		{93DB5E13-1437-4C36-A6E1-9084C05ACEA8}.Release|Any CPU.ActiveCfg = Release|Any CPU
		{93DB5E13-1437-4C36-A6E1-9084C05ACEA8}.Release|Any CPU.Build.0 = Release|Any CPU
		{F96FF7FA-5972-4170-B1C6-47BEC6ED6152}.Debug|Any CPU.ActiveCfg = Debug|Any CPU
		{F96FF7FA-5972-4170-B1C6-47BEC6ED6152}.Debug|Any CPU.Build.0 = Debug|Any CPU
		{F96FF7FA-5972-4170-B1C6-47BEC6ED6152}.Release|Any CPU.ActiveCfg = Release|Any CPU
		{F96FF7FA-5972-4170-B1C6-47BEC6ED6152}.Release|Any CPU.Build.0 = Release|Any CPU
		{D3966F23-2B5D-4376-BD16-DB4836CB0380}.Debug|Any CPU.ActiveCfg = Debug|Any CPU
		{D3966F23-2B5D-4376-BD16-DB4836CB0380}.Debug|Any CPU.Build.0 = Debug|Any CPU
		{D3966F23-2B5D-4376-BD16-DB4836CB0380}.Release|Any CPU.ActiveCfg = Release|Any CPU
		{D3966F23-2B5D-4376-BD16-DB4836CB0380}.Release|Any CPU.Build.0 = Release|Any CPU
		{7EFAD90A-4D1E-44D6-B3B7-87115014499E}.Debug|Any CPU.ActiveCfg = Debug|Any CPU
		{7EFAD90A-4D1E-44D6-B3B7-87115014499E}.Debug|Any CPU.Build.0 = Debug|Any CPU
		{7EFAD90A-4D1E-44D6-B3B7-87115014499E}.Release|Any CPU.ActiveCfg = Release|Any CPU
		{7EFAD90A-4D1E-44D6-B3B7-87115014499E}.Release|Any CPU.Build.0 = Release|Any CPU
	EndGlobalSection
	GlobalSection(SolutionProperties) = preSolution
		HideSolutionNode = FALSE
	EndGlobalSection
	GlobalSection(ExtensibilityGlobals) = postSolution
		SolutionGuid = {1FEB1504-272F-4BB0-9DD4-0AF06AF942CB}
	EndGlobalSection
EndGlobal
